<?xml version="1.0" encoding="utf-8"?>
<Project ToolsVersion="4.0" xmlns="http://schemas.microsoft.com/developer/msbuild/2003">
  <ItemGroup>
    <ClCompile Include="Source.cpp" />
  </ItemGroup>
  <ItemGroup>
    <ClInclude Include="Arbol.h" />
    <ClInclude Include="Beacon.h" />
    <ClInclude Include="CBalas.h" />
    <ClInclude Include="CBlock.h" />
    <ClInclude Include="CEnemigo.h" />
    <ClInclude Include="CGuardado.h" />
    <ClInclude Include="CPlayer.h" />
    <ClInclude Include="includes.h" />
    <ClInclude Include="Input.h" />
    <ClInclude Include="Juego.h" />
    <ClInclude Include="Menu.h" />
    <ClInclude Include="Objeto.h" />
    <ClInclude Include="Recurso.h" />
    <ClInclude Include="Scene.h" />
  </ItemGroup>
  <ItemGroup>
    <None Include="packages.config" />
  </ItemGroup>
</Project>